
Microsoft Visual Studio Solution File, Format Version 12.00
# Visual Studio 2013
VisualStudioVersion = 12.0.30723.0
MinimumVisualStudioVersion = 10.0.40219.1
Project("{FAE04EC0-301F-11D3-BF4B-00C04F79EFBC}") = "Hans.CodeGen.Core", "Hans.CodeGen.Core\Hans.CodeGen.Core.csproj", "{30B19494-4C43-436F-9D8C-81B3F382D153}"
EndProject
Project("{FAE04EC0-301F-11D3-BF4B-00C04F79EFBC}") = "Hans.CodeGen.App", "Hans.CodeGen.App\Hans.CodeGen.App.csproj", "{37A50E56-EF7F-4C72-91E9-1AEAE70FE7E8}"
EndProject
Global
	GlobalSection(SolutionConfigurationPlatforms) = preSolution
		Debug|Any CPU = Debug|Any CPU
		Release|Any CPU = Release|Any CPU
	EndGlobalSection
	GlobalSection(ProjectConfigurationPlatforms) = postSolution
		{30B19494-4C43-436F-9D8C-81B3F382D153}.Debug|Any CPU.ActiveCfg = Debug|Any CPU
		{30B19494-4C43-436F-9D8C-81B3F382D153}.Debug|Any CPU.Build.0 = Debug|Any CPU
		{30B19494-4C43-436F-9D8C-81B3F382D153}.Release|Any CPU.ActiveCfg = Release|Any CPU
		{30B19494-4C43-436F-9D8C-81B3F382D153}.Release|Any CPU.Build.0 = Release|Any CPU
		{37A50E56-EF7F-4C72-91E9-1AEAE70FE7E8}.Debug|Any CPU.ActiveCfg = Debug|Any CPU
		{37A50E56-EF7F-4C72-91E9-1AEAE70FE7E8}.Debug|Any CPU.Build.0 = Debug|Any CPU
		{37A50E56-EF7F-4C72-91E9-1AEAE70FE7E8}.Release|Any CPU.ActiveCfg = Release|Any CPU
		{37A50E56-EF7F-4C72-91E9-1AEAE70FE7E8}.Release|Any CPU.Build.0 = Release|Any CPU
	EndGlobalSection
	GlobalSection(SolutionProperties) = preSolution
		HideSolutionNode = FALSE
	EndGlobalSection
EndGlobal
